
Microsoft Visual Studio Solution File, Format Version 12.00
# Visual Studio 2015
Project("{FAE04EC0-301F-11D3-BF4B-00C04F79EFBC}") = "Aug Real-user.CSharp", "Aug Real-user.CSharp.csproj", "{5B3E08F3-B450-2058-0B65-8E2DFD7FB863}"
EndProject
Project("{FAE04EC0-301F-11D3-BF4B-00C04F79EFBC}") = "Aug Real-user.CSharp.Editor", "Aug Real-user.CSharp.Editor.csproj", "{E160740C-CFD4-6990-A654-52426E38AE73}"
EndProject
Global
	GlobalSection(SolutionConfigurationPlatforms) = preSolution
		Debug|Any CPU = Debug|Any CPU
		Release|Any CPU = Release|Any CPU
	EndGlobalSection
	GlobalSection(ProjectConfigurationPlatforms) = postSolution
		{5B3E08F3-B450-2058-0B65-8E2DFD7FB863}.Debug|Any CPU.ActiveCfg = Debug|Any CPU
		{5B3E08F3-B450-2058-0B65-8E2DFD7FB863}.Debug|Any CPU.Build.0 = Debug|Any CPU
		{5B3E08F3-B450-2058-0B65-8E2DFD7FB863}.Release|Any CPU.ActiveCfg = Release|Any CPU
		{5B3E08F3-B450-2058-0B65-8E2DFD7FB863}.Release|Any CPU.Build.0 = Release|Any CPU
		{E160740C-CFD4-6990-A654-52426E38AE73}.Debug|Any CPU.ActiveCfg = Debug|Any CPU
		{E160740C-CFD4-6990-A654-52426E38AE73}.Debug|Any CPU.Build.0 = Debug|Any CPU
		{E160740C-CFD4-6990-A654-52426E38AE73}.Release|Any CPU.ActiveCfg = Release|Any CPU
		{E160740C-CFD4-6990-A654-52426E38AE73}.Release|Any CPU.Build.0 = Release|Any CPU
	EndGlobalSection
	GlobalSection(SolutionProperties) = preSolution
		HideSolutionNode = FALSE
	EndGlobalSection
EndGlobal
